
Microsoft Visual Studio Solution File, Format Version 12.00
# Visual Studio Version 17
VisualStudioVersion = 17.5.33502.453
MinimumVisualStudioVersion = 10.0.40219.1
Project("{FAE04EC0-301F-11D3-BF4B-00C04F79EFBC}") = "EmlParser", "EmlParser\EmlParser.csproj", "{8CE909BF-4C49-4B00-9B18-4071C21CC1DD}"
EndProject
Global
	GlobalSection(SolutionConfigurationPlatforms) = preSolution
		Debug|Any CPU = Debug|Any CPU
		Release|Any CPU = Release|Any CPU
	EndGlobalSection
	GlobalSection(ProjectConfigurationPlatforms) = postSolution
		{8CE909BF-4C49-4B00-9B18-4071C21CC1DD}.Debug|Any CPU.ActiveCfg = Debug|Any CPU
		{8CE909BF-4C49-4B00-9B18-4071C21CC1DD}.Debug|Any CPU.Build.0 = Debug|Any CPU
		{8CE909BF-4C49-4B00-9B18-4071C21CC1DD}.Release|Any CPU.ActiveCfg = Release|Any CPU
		{8CE909BF-4C49-4B00-9B18-4071C21CC1DD}.Release|Any CPU.Build.0 = Release|Any CPU
	EndGlobalSection
	GlobalSection(SolutionProperties) = preSolution
		HideSolutionNode = FALSE
	EndGlobalSection
	GlobalSection(ExtensibilityGlobals) = postSolution
		SolutionGuid = {6D464962-FD17-431B-BABF-DCB9044D3696}
	EndGlobalSection
EndGlobal
